{
  "object": {
    "pins": [
      {
        "package": "Alamofire",
        "repositoryURL": "https://github.com/Alamofire/Alamofire.git",
        "state": {
          "branch": null,
          "revision": "becd9a729a37bdbef5bc39dc3c702b99f9e3d046",
          "version": "5.2.2"
        }
      },
      {
        "package": "Mappable",
        "repositoryURL": "https://github.com/leavez/Mappable.git",
        "state": {
          "branch": null,
          "revision": "6db81dc7e70cf73bf9a122ed359f16d1b90606cb",
          "version": "1.5.0"
        }
      }
    ]
  },
  "version": 1
}
